
Microsoft Visual Studio Solution File, Format Version 10.00
# Visual Studio 2008
Project("{FAE04EC0-301F-11D3-BF4B-00C04F79EFBC}") = "inventaire_mobile", "inventaire_mobile\inventaire_mobile.csproj", "{76CD14CB-00F3-4215-953F-9138241F20D1}"
EndProject
Global
	GlobalSection(SolutionConfigurationPlatforms) = preSolution
		Debug|Any CPU = Debug|Any CPU
		Release|Any CPU = Release|Any CPU
	EndGlobalSection
	GlobalSection(ProjectConfigurationPlatforms) = postSolution
		{76CD14CB-00F3-4215-953F-9138241F20D1}.Debug|Any CPU.ActiveCfg = Debug|Any CPU
		{76CD14CB-00F3-4215-953F-9138241F20D1}.Debug|Any CPU.Build.0 = Debug|Any CPU
		{76CD14CB-00F3-4215-953F-9138241F20D1}.Debug|Any CPU.Deploy.0 = Debug|Any CPU
		{76CD14CB-00F3-4215-953F-9138241F20D1}.Release|Any CPU.ActiveCfg = Release|Any CPU
		{76CD14CB-00F3-4215-953F-9138241F20D1}.Release|Any CPU.Build.0 = Release|Any CPU
		{76CD14CB-00F3-4215-953F-9138241F20D1}.Release|Any CPU.Deploy.0 = Release|Any CPU
	EndGlobalSection
	GlobalSection(SolutionProperties) = preSolution
		HideSolutionNode = FALSE
	EndGlobalSection
EndGlobal
